PODS:
  - Nimble (9.0.1)
  - PinwheelSDK (2.3.7)
  - Quick (1.2.0)

DEPENDENCIES:
  - Nimble (~> 9.0.1)
  - PinwheelSDK (from `../`)
  - Quick (~> 1.2.0)

SPEC REPOS:
  trunk:
    - Nimble
    - Quick

EXTERNAL SOURCES:
  PinwheelSDK:
    :path: "../"

SPEC CHECKSUMS:
  Nimble: 7bed62ffabd6dbfe05f5925cbc43722533248990
  PinwheelSDK: e6c74c14580f062920f17c0dd1c21075f61982a9
  Quick: 58d203b1c5e27fff7229c4c1ae445ad7069a7a08

PODFILE CHECKSUM: 2398613c0d77eaf628905b1b0cc4543ffbee0f79

COCOAPODS: 1.11.2
