PODS:
  - Nimble (10.0.0)
  - PinwheelSDK (2.3.15)
  - Quick (5.0.1)

DEPENDENCIES:
  - Nimble (~> 10.0.0)
  - PinwheelSDK (from `../`)
  - Quick (~> 5.0.1)

SPEC REPOS:
  trunk:
    - Nimble
    - Quick

EXTERNAL SOURCES:
  PinwheelSDK:
    :path: "../"

SPEC CHECKSUMS:
  Nimble: 5316ef81a170ce87baf72dd961f22f89a602ff84
  PinwheelSDK: 51359370593eba30a4000799f6bc1754e3608700
  Quick: 749aa754fd1e7d984f2000fe051e18a3a9809179

PODFILE CHECKSUM: c16a5b8e103c8bf2017acfe6626fe5352ff4cb42

COCOAPODS: 1.11.3
