PODS:
  - Nimble (9.0.1)
  - PinwheelSDK (2.3.1)
  - Quick (1.2.0)

DEPENDENCIES:
  - Nimble (~> 9.0.1)
  - PinwheelSDK (from `../`)
  - Quick (~> 1.2.0)

SPEC REPOS:
  trunk:
    - Nimble
    - Quick

EXTERNAL SOURCES:
  PinwheelSDK:
    :path: "../"

SPEC CHECKSUMS:
  Nimble: 7bed62ffabd6dbfe05f5925cbc43722533248990
  PinwheelSDK: f72b8e2ab21a591da78e3f9bebdefd1df1de57ea
  Quick: 58d203b1c5e27fff7229c4c1ae445ad7069a7a08

PODFILE CHECKSUM: 2398613c0d77eaf628905b1b0cc4543ffbee0f79

COCOAPODS: 1.10.1
