{
  "pins" : [
    {
      "identity" : "pinwheel-ios-sdk",
      "kind" : "remoteSourceControl",
      "location" : "https://github.com/underdog-tech/pinwheel-ios-sdk",
      "state" : {
        "revision" : "685c60fbc5220c40594f54a124d7e263ba50f0b3",
        "version" : "2.3.14"
      }
    }
  ],
  "version" : 2
}
